// !$*UTF8*$!
{
	archiveVersion = 1;
	classes = {
	};
	objectVersion = 56;
	objects = {

/* Begin PBXBuildFile section */
		28FE5AC706039DC7AD6D7482 /* Pods_Law.framework in Frameworks */ = {isa = PBXBuildFile; fileRef = 0ABD0CD19B7FD3A35CBF1303 /* Pods_Law.framework */; };
		AE06584A2A3AF33C009B31DA /* AppDelegate.swift in Sources */ = {isa = PBXBuildFile; fileRef = AE0658492A3AF33C009B31DA /* AppDelegate.swift */; };
		AE06584C2A3AF33C009B31DA /* SceneDelegate.swift in Sources */ = {isa = PBXBuildFile; fileRef = AE06584B2A3AF33C009B31DA /* SceneDelegate.swift */; };
		AE06584E2A3AF33C009B31DA /* ViewController.swift in Sources */ = {isa = PBXBuildFile; fileRef = AE06584D2A3AF33C009B31DA /* ViewController.swift */; };
		AE0658532A3AF33D009B31DA /* Assets.xcassets in Resources */ = {isa = PBXBuildFile; fileRef = AE0658522A3AF33D009B31DA /* Assets.xcassets */; };
		AE0658562A3AF33D009B31DA /* LaunchScreen.storyboard in Resources */ = {isa = PBXBuildFile; fileRef = AE0658542A3AF33D009B31DA /* LaunchScreen.storyboard */; };
		AE06585F2A3AF3FE009B31DA /* Coordinator.swift in Sources */ = {isa = PBXBuildFile; fileRef = AE06585E2A3AF3FE009B31DA /* Coordinator.swift */; };
/* End PBXBuildFile section */

/* Begin PBXFileReference section */
		0ABD0CD19B7FD3A35CBF1303 /* Pods_Law.framework */ = {isa = PBXFileReference; explicitFileType = wrapper.framework; includeInIndex = 0; path = Pods_Law.framework; sourceTree = BUILT_PRODUCTS_DIR; };
		147B651206DA0ED5D3F14011 /* Pods-Law.release.xcconfig */ = {isa = PBXFileReference; includeInIndex = 1; lastKnownFileType = text.xcconfig; name = "Pods-Law.release.xcconfig"; path = "Target Support Files/Pods-Law/Pods-Law.release.xcconfig"; sourceTree = "<group>"; };
		AE0658462A3AF33C009B31DA /* Law.app */ = {isa = PBXFileReference; explicitFileType = wrapper.application; includeInIndex = 0; path = Law.app; sourceTree = BUILT_PRODUCTS_DIR; };
		AE0658492A3AF33C009B31DA /* AppDelegate.swift */ = {isa = PBXFileReference; lastKnownFileType = sourcecode.swift; path = AppDelegate.swift; sourceTree = "<group>"; };
		AE06584B2A3AF33C009B31DA /* SceneDelegate.swift */ = {isa = PBXFileReference; lastKnownFileType = sourcecode.swift; path = SceneDelegate.swift; sourceTree = "<group>"; };
		AE06584D2A3AF33C009B31DA /* ViewController.swift */ = {isa = PBXFileReference; lastKnownFileType = sourcecode.swift; path = ViewController.swift; sourceTree = "<group>"; };
		AE0658522A3AF33D009B31DA /* Assets.xcassets */ = {isa = PBXFileReference; lastKnownFileType = folder.assetcatalog; path = Assets.xcassets; sourceTree = "<group>"; };
		AE0658552A3AF33D009B31DA /* Base */ = {isa = PBXFileReference; lastKnownFileType = file.storyboard; name = Base; path = Base.lproj/LaunchScreen.storyboard; sourceTree = "<group>"; };
		AE0658572A3AF33D009B31DA /* Info.plist */ = {isa = PBXFileReference; lastKnownFileType = text.plist.xml; path = Info.plist; sourceTree = "<group>"; };
		AE06585E2A3AF3FE009B31DA /* Coordinator.swift */ = {isa = PBXFileReference; lastKnownFileType = sourcecode.swift; path = Coordinator.swift; sourceTree = "<group>"; };
		E3079FDEC87C5387396A8D87 /* Pods-Law.debug.xcconfig */ = {isa = PBXFileReference; includeInIndex = 1; lastKnownFileType = text.xcconfig; name = "Pods-Law.debug.xcconfig"; path = "Target Support Files/Pods-Law/Pods-Law.debug.xcconfig"; sourceTree = "<group>"; };
/* End PBXFileReference section */

/* Begin PBXFrameworksBuildPhase section */
		AE0658432A3AF33C009B31DA /* Frameworks */ = {
			isa = PBXFrameworksBuildPhase;
			buildActionMask = 2147483647;
			files = (
				28FE5AC706039DC7AD6D7482 /* Pods_Law.framework in Frameworks */,
			);
			runOnlyForDeploymentPostprocessing = 0;
		};
/* End PBXFrameworksBuildPhase section */

/* Begin PBXGroup section */
		A042A32B250C66E4BD63305E /* Frameworks */ = {
			isa = PBXGroup;
			children = (
				0ABD0CD19B7FD3A35CBF1303 /* Pods_Law.framework */,
			);
			name = Frameworks;
			sourceTree = "<group>";
		};
		AE06583D2A3AF33C009B31DA = {
			isa = PBXGroup;
			children = (
				AE0658482A3AF33C009B31DA /* Law */,
				AE0658472A3AF33C009B31DA /* Products */,
				D1481DF75AD86DB15CA47F5A /* Pods */,
				A042A32B250C66E4BD63305E /* Frameworks */,
			);
			sourceTree = "<group>";
		};
		AE0658472A3AF33C009B31DA /* Products */ = {
			isa = PBXGroup;
			children = (
				AE0658462A3AF33C009B31DA /* Law.app */,
			);
			name = Products;
			sourceTree = "<group>";
		};
		AE0658482A3AF33C009B31DA /* Law */ = {
			isa = PBXGroup;
			children = (
				AE0658492A3AF33C009B31DA /* AppDelegate.swift */,
				AE06584B2A3AF33C009B31DA /* SceneDelegate.swift */,
				AE06584D2A3AF33C009B31DA /* ViewController.swift */,
				AE06585D2A3AF3F4009B31DA /* Coordinator */,
				AE0658522A3AF33D009B31DA /* Assets.xcassets */,
				AE0658542A3AF33D009B31DA /* LaunchScreen.storyboard */,
				AE0658572A3AF33D009B31DA /* Info.plist */,
			);
			path = Law;
			sourceTree = "<group>";
		};
		AE06585D2A3AF3F4009B31DA /* Coordinator */ = {
			isa = PBXGroup;
			children = (
				AE06585E2A3AF3FE009B31DA /* Coordinator.swift */,
			);
			path = Coordinator;
			sourceTree = "<group>";
		};
		D1481DF75AD86DB15CA47F5A /* Pods */ = {
			isa = PBXGroup;
			children = (
				E3079FDEC87C5387396A8D87 /* Pods-Law.debug.xcconfig */,
				147B651206DA0ED5D3F14011 /* Pods-Law.release.xcconfig */,
			);
			name = Pods;
			path = Pods;
			sourceTree = "<group>";
		};
/* End PBXGroup section */

/* Begin PBXNativeTarget section */
		AE0658452A3AF33C009B31DA /* Law */ = {
			isa = PBXNativeTarget;
			buildConfigurationList = AE06585A2A3AF33D009B31DA /* Build configuration list for PBXNativeTarget "Law" */;
			buildPhases = (
				D14BC32476400E8EAB006945 /* [CP] Check Pods Manifest.lock */,
				AE0658422A3AF33C009B31DA /* Sources */,
				AE0658432A3AF33C009B31DA /* Frameworks */,
				AE0658442A3AF33C009B31DA /* Resources */,
				7F05AF2C15CA454FEDC0BE96 /* [CP] Embed Pods Frameworks */,
			);
			buildRules = (
			);
			dependencies = (
			);
			name = Law;
			productName = Law;
			productReference = AE0658462A3AF33C009B31DA /* Law.app */;
			productType = "com.apple.product-type.application";
		};
/* End PBXNativeTarget section */

/* Begin PBXProject section */
		AE06583E2A3AF33C009B31DA /* Project object */ = {
			isa = PBXProject;
			attributes = {
				BuildIndependentTargetsInParallel = 1;
				LastSwiftUpdateCheck = 1420;
				LastUpgradeCheck = 1420;
				TargetAttributes = {
					AE0658452A3AF33C009B31DA = {
						CreatedOnToolsVersion = 14.2;
					};
				};
			};
			buildConfigurationList = AE0658412A3AF33C009B31DA /* Build configuration list for PBXProject "Law" */;
			compatibilityVersion = "Xcode 14.0";
			developmentRegion = en;
			hasScannedForEncodings = 0;
			knownRegions = (
				en,
				Base,
			);
			mainGroup = AE06583D2A3AF33C009B31DA;
			productRefGroup = AE0658472A3AF33C009B31DA /* Products */;
			projectDirPath = "";
			projectRoot = "";
			targets = (
				AE0658452A3AF33C009B31DA /* Law */,
			);
		};
/* End PBXProject section */

/* Begin PBXResourcesBuildPhase section */
		AE0658442A3AF33C009B31DA /* Resources */ = {
			isa = PBXResourcesBuildPhase;
			buildActionMask = 2147483647;
			files = (
				AE0658562A3AF33D009B31DA /* LaunchScreen.storyboard in Resources */,
				AE0658532A3AF33D009B31DA /* Assets.xcassets in Resources */,
			);
			runOnlyForDeploymentPostprocessing = 0;
		};
/* End PBXResourcesBuildPhase section */

/* Begin PBXShellScriptBuildPhase section */
		7F05AF2C15CA454FEDC0BE96 /* [CP] Embed Pods Frameworks */ = {
			isa = PBXShellScriptBuildPhase;
			buildActionMask = 2147483647;
			files = (
			);
			inputFileListPaths = (
				"${PODS_ROOT}/Target Support Files/Pods-Law/Pods-Law-frameworks-${CONFIGURATION}-input-files.xcfilelist",
			);
			name = "[CP] Embed Pods Frameworks";
			outputFileListPaths = (
				"${PODS_ROOT}/Target Support Files/Pods-Law/Pods-Law-frameworks-${CONFIGURATION}-output-files.xcfilelist",
			);
			runOnlyForDeploymentPostprocessing = 0;
			shellPath = /bin/sh;
			shellScript = "\"${PODS_ROOT}/Target Support Files/Pods-Law/Pods-Law-frameworks.sh\"\n";
			showEnvVarsInLog = 0;
		};
		D14BC32476400E8EAB006945 /* [CP] Check Pods Manifest.lock */ = {
			isa = PBXShellScriptBuildPhase;
			buildActionMask = 2147483647;
			files = (
			);
			inputFileListPaths = (
			);
			inputPaths = (
				"${PODS_PODFILE_DIR_PATH}/Podfile.lock",
				"${PODS_ROOT}/Manifest.lock",
			);
			name = "[CP] Check Pods Manifest.lock";
			outputFileListPaths = (
			);
			outputPaths = (
				"$(DERIVED_FILE_DIR)/Pods-Law-checkManifestLockResult.txt",
			);
			runOnlyForDeploymentPostprocessing = 0;
			shellPath = /bin/sh;
			shellScript = "diff \"${PODS_PODFILE_DIR_PATH}/Podfile.lock\" \"${PODS_ROOT}/Manifest.lock\" > /dev/null\nif [ $? != 0 ] ; then\n    # print error to STDERR\n    echo \"error: The sandbox is not in sync with the Podfile.lock. Run 'pod install' or update your CocoaPods installation.\" >&2\n    exit 1\nfi\n# This output is used by Xcode 'outputs' to avoid re-running this script phase.\necho \"SUCCESS\" > \"${SCRIPT_OUTPUT_FILE_0}\"\n";
			showEnvVarsInLog = 0;
		};
/* End PBXShellScriptBuildPhase section */

/* Begin PBXSourcesBuildPhase section */
		AE0658422A3AF33C009B31DA /* Sources */ = {
			isa = PBXSourcesBuildPhase;
			buildActionMask = 2147483647;
			files = (
				AE06585F2A3AF3FE009B31DA /* Coordinator.swift in Sources */,
				AE06584E2A3AF33C009B31DA /* ViewController.swift in Sources */,
				AE06584A2A3AF33C009B31DA /* AppDelegate.swift in Sources */,
				AE06584C2A3AF33C009B31DA /* SceneDelegate.swift in Sources */,
			);
			runOnlyForDeploymentPostprocessing = 0;
		};
/* End PBXSourcesBuildPhase section */

/* Begin PBXVariantGroup section */
		AE0658542A3AF33D009B31DA /* LaunchScreen.storyboard */ = {
			isa = PBXVariantGroup;
			children = (
				AE0658552A3AF33D009B31DA /* Base */,
			);
			name = LaunchScreen.storyboard;
			sourceTree = "<group>";
		};
/* End PBXVariantGroup section */

/* Begin XCBuildConfiguration section */
		AE0658582A3AF33D009B31DA /* Debug */ = {
			isa = XCBuildConfiguration;
			buildSettings = {
				ALWAYS_SEARCH_USER_PATHS = NO;
				CLANG_ANALYZER_NONNULL = YES;
				CLANG_ANALYZER_NUMBER_OBJECT_CONVERSION = YES_AGGRESSIVE;
				CLANG_CXX_LANGUAGE_STANDARD = "gnu++20";
				CLANG_ENABLE_MODULES = YES;
				CLANG_ENABLE_OBJC_ARC = YES;
				CLANG_ENABLE_OBJC_WEAK = YES;
				CLANG_WARN_BLOCK_CAPTURE_AUTORELEASING = YES;
				CLANG_WARN_BOOL_CONVERSION = YES;
				CLANG_WARN_COMMA = YES;
				CLANG_WARN_CONSTANT_CONVERSION = YES;
				CLANG_WARN_DEPRECATED_OBJC_IMPLEMENTATIONS = YES;
				CLANG_WARN_DIRECT_OBJC_ISA_USAGE = YES_ERROR;
				CLANG_WARN_DOCUMENTATION_COMMENTS = YES;
				CLANG_WARN_EMPTY_BODY = YES;
				CLANG_WARN_ENUM_CONVERSION = YES;
				CLANG_WARN_INFINITE_RECURSION = YES;
				CLANG_WARN_INT_CONVERSION = YES;
				CLANG_WARN_NON_LITERAL_NULL_CONVERSION = YES;
				CLANG_WARN_OBJC_IMPLICIT_RETAIN_SELF = YES;
				CLANG_WARN_OBJC_LITERAL_CONVERSION = YES;
				CLANG_WARN_OBJC_ROOT_CLASS = YES_ERROR;
				CLANG_WARN_QUOTED_INCLUDE_IN_FRAMEWORK_HEADER = YES;
				CLANG_WARN_RANGE_LOOP_ANALYSIS = YES;
				CLANG_WARN_STRICT_PROTOTYPES = YES;
				CLANG_WARN_SUSPICIOUS_MOVE = YES;
				CLANG_WARN_UNGUARDED_AVAILABILITY = YES_AGGRESSIVE;
				CLANG_WARN_UNREACHABLE_CODE = YES;
				CLANG_WARN__DUPLICATE_METHOD_MATCH = YES;
				COPY_PHASE_STRIP = NO;
				DEBUG_INFORMATION_FORMAT = dwarf;
				ENABLE_STRICT_OBJC_MSGSEND = YES;
				ENABLE_TESTABILITY = YES;
				GCC_C_LANGUAGE_STANDARD = gnu11;
				GCC_DYNAMIC_NO_PIC = NO;
				GCC_NO_COMMON_BLOCKS = YES;
				GCC_OPTIMIZATION_LEVEL = 0;
				GCC_PREPROCESSOR_DEFINITIONS = (
					"DEBUG=1",
					"$(inherited)",
				);
				GCC_WARN_64_TO_32_BIT_CONVERSION = YES;
				GCC_WARN_ABOUT_RETURN_TYPE = YES_ERROR;
				GCC_WARN_UNDECLARED_SELECTOR = YES;
				GCC_WARN_UNINITIALIZED_AUTOS = YES_AGGRESSIVE;
				GCC_WARN_UNUSED_FUNCTION = YES;
				GCC_WARN_UNUSED_VARIABLE = YES;
				IPHONEOS_DEPLOYMENT_TARGET = 16.0;
				MTL_ENABLE_DEBUG_INFO = INCLUDE_SOURCE;
				MTL_FAST_MATH = YES;
				ONLY_ACTIVE_ARCH = YES;
				SDKROOT = iphoneos;
				SWIFT_ACTIVE_COMPILATION_CONDITIONS = DEBUG;
				SWIFT_OPTIMIZATION_LEVEL = "-Onone";
			};
			name = Debug;
		};
		AE0658592A3AF33D009B31DA /* Release */ = {
			isa = XCBuildConfiguration;
			buildSettings = {
				ALWAYS_SEARCH_USER_PATHS = NO;
				CLANG_ANALYZER_NONNULL = YES;
				CLANG_ANALYZER_NUMBER_OBJECT_CONVERSION = YES_AGGRESSIVE;
				CLANG_CXX_LANGUAGE_STANDARD = "gnu++20";
				CLANG_ENABLE_MODULES = YES;
				CLANG_ENABLE_OBJC_ARC = YES;
				CLANG_ENABLE_OBJC_WEAK = YES;
				CLANG_WARN_BLOCK_CAPTURE_AUTORELEASING = YES;
				CLANG_WARN_BOOL_CONVERSION = YES;
				CLANG_WARN_COMMA = YES;
				CLANG_WARN_CONSTANT_CONVERSION = YES;
				CLANG_WARN_DEPRECATED_OBJC_IMPLEMENTATIONS = YES;
				CLANG_WARN_DIRECT_OBJC_ISA_USAGE = YES_ERROR;
				CLANG_WARN_DOCUMENTATION_COMMENTS = YES;
				CLANG_WARN_EMPTY_BODY = YES;
				CLANG_WARN_ENUM_CONVERSION = YES;
				CLANG_WARN_INFINITE_RECURSION = YES;
				CLANG_WARN_INT_CONVERSION = YES;
				CLANG_WARN_NON_LITERAL_NULL_CONVERSION = YES;
				CLANG_WARN_OBJC_IMPLICIT_RETAIN_SELF = YES;
				CLANG_WARN_OBJC_LITERAL_CONVERSION = YES;
				CLANG_WARN_OBJC_ROOT_CLASS = YES_ERROR;
				CLANG_WARN_QUOTED_INCLUDE_IN_FRAMEWORK_HEADER = YES;
				CLANG_WARN_RANGE_LOOP_ANALYSIS = YES;
				CLANG_WARN_STRICT_PROTOTYPES = YES;
				CLANG_WARN_SUSPICIOUS_MOVE = YES;
				CLANG_WARN_UNGUARDED_AVAILABILITY = YES_AGGRESSIVE;
				CLANG_WARN_UNREACHABLE_CODE = YES;
				CLANG_WARN__DUPLICATE_METHOD_MATCH = YES;
				COPY_PHASE_STRIP = NO;
				DEBUG_INFORMATION_FORMAT = "dwarf-with-dsym";
				ENABLE_NS_ASSERTIONS = NO;
				ENABLE_STRICT_OBJC_MSGSEND = YES;
				GCC_C_LANGUAGE_STANDARD = gnu11;
				GCC_NO_COMMON_BLOCKS = YES;
				GCC_WARN_64_TO_32_BIT_CONVERSION = YES;
				GCC_WARN_ABOUT_RETURN_TYPE = YES_ERROR;
				GCC_WARN_UNDECLARED_SELECTOR = YES;
				GCC_WARN_UNINITIALIZED_AUTOS = YES_AGGRESSIVE;
				GCC_WARN_UNUSED_FUNCTION = YES;
				GCC_WARN_UNUSED_VARIABLE = YES;
				IPHONEOS_DEPLOYMENT_TARGET = 16.0;
				MTL_ENABLE_DEBUG_INFO = NO;
				MTL_FAST_MATH = YES;
				SDKROOT = iphoneos;
				SWIFT_COMPILATION_MODE = wholemodule;
				SWIFT_OPTIMIZATION_LEVEL = "-O";
				VALIDATE_PRODUCT = YES;
			};
			name = Release;
		};
		AE06585B2A3AF33D009B31DA /* Debug */ = {
			isa = XCBuildConfiguration;
			baseConfigurationReference = E3079FDEC87C5387396A8D87 /* Pods-Law.debug.xcconfig */;
			buildSettings = {
				ASSETCATALOG_COMPILER_APPICON_NAME = AppIcon;
				ASSETCATALOG_COMPILER_GLOBAL_ACCENT_COLOR_NAME = AccentColor;
				CODE_SIGN_STYLE = Automatic;
				CURRENT_PROJECT_VERSION = 1;
				DEVELOPMENT_TEAM = 7K5H82MGKM;
				GENERATE_INFOPLIST_FILE = YES;
				INFOPLIST_FILE = Law/Info.plist;
				INFOPLIST_KEY_UIApplicationSupportsIndirectInputEvents = YES;
				INFOPLIST_KEY_UILaunchStoryboardName = LaunchScreen;
				INFOPLIST_KEY_UISupportedInterfaceOrientations_iPad = "UIInterfaceOrientationPortrait UIInterfaceOrientationPortraitUpsideDown UIInterfaceOrientationLandscapeLeft UIInterfaceOrientationLandscapeRight";
				INFOPLIST_KEY_UISupportedInterfaceOrientations_iPhone = "UIInterfaceOrientationPortrait UIInterfaceOrientationLandscapeLeft UIInterfaceOrientationLandscapeRight";
				LD_RUNPATH_SEARCH_PATHS = (
					"$(inherited)",
					"@executable_path/Frameworks",
				);
				MARKETING_VERSION = 1.0;
				PRODUCT_BUNDLE_IDENTIFIER = myself.Law;
				PRODUCT_NAME = "$(TARGET_NAME)";
				SWIFT_EMIT_LOC_STRINGS = YES;
				SWIFT_VERSION = 5.0;
				TARGETED_DEVICE_FAMILY = "1,2";
			};
			name = Debug;
		};
		AE06585C2A3AF33D009B31DA /* Release */ = {
			isa = XCBuildConfiguration;
			baseConfigurationReference = 147B651206DA0ED5D3F14011 /* Pods-Law.release.xcconfig */;
			buildSettings = {
				ASSETCATALOG_COMPILER_APPICON_NAME = AppIcon;
				ASSETCATALOG_COMPILER_GLOBAL_ACCENT_COLOR_NAME = AccentColor;
				CODE_SIGN_STYLE = Automatic;
				CURRENT_PROJECT_VERSION = 1;
				DEVELOPMENT_TEAM = 7K5H82MGKM;
				GENERATE_INFOPLIST_FILE = YES;
				INFOPLIST_FILE = Law/Info.plist;
				INFOPLIST_KEY_UIApplicationSupportsIndirectInputEvents = YES;
				INFOPLIST_KEY_UILaunchStoryboardName = LaunchScreen;
				INFOPLIST_KEY_UISupportedInterfaceOrientations_iPad = "UIInterfaceOrientationPortrait UIInterfaceOrientationPortraitUpsideDown UIInterfaceOrientationLandscapeLeft UIInterfaceOrientationLandscapeRight";
				INFOPLIST_KEY_UISupportedInterfaceOrientations_iPhone = "UIInterfaceOrientationPortrait UIInterfaceOrientationLandscapeLeft UIInterfaceOrientationLandscapeRight";
				LD_RUNPATH_SEARCH_PATHS = (
					"$(inherited)",
					"@executable_path/Frameworks",
				);
				MARKETING_VERSION = 1.0;
				PRODUCT_BUNDLE_IDENTIFIER = myself.Law;
				PRODUCT_NAME = "$(TARGET_NAME)";
				SWIFT_EMIT_LOC_STRINGS = YES;
				SWIFT_VERSION = 5.0;
				TARGETED_DEVICE_FAMILY = "1,2";
			};
			name = Release;
		};
/* End XCBuildConfiguration section */

/* Begin XCConfigurationList section */
		AE0658412A3AF33C009B31DA /* Build configuration list for PBXProject "Law" */ = {
			isa = XCConfigurationList;
			buildConfigurations = (
				AE0658582A3AF33D009B31DA /* Debug */,
				AE0658592A3AF33D009B31DA /* Release */,
			);
			defaultConfigurationIsVisible = 0;
			defaultConfigurationName = Release;
		};
		AE06585A2A3AF33D009B31DA /* Build configuration list for PBXNativeTarget "Law" */ = {
			isa = XCConfigurationList;
			buildConfigurations = (
				AE06585B2A3AF33D009B31DA /* Debug */,
				AE06585C2A3AF33D009B31DA /* Release */,
			);
			defaultConfigurationIsVisible = 0;
			defaultConfigurationName = Release;
		};
/* End XCConfigurationList section */
	};
	rootObject = AE06583E2A3AF33C009B31DA /* Project object */;
}
